
Microsoft Visual Studio Solution File, Format Version 12.00
# Visual Studio Version 16
VisualStudioVersion = 16.0.31424.327
MinimumVisualStudioVersion = 10.0.40219.1
Project("{FAE04EC0-301F-11D3-BF4B-00C04F79EFBC}") = "lab6", "lab6\lab6.csproj", "{598998C6-2C1E-4BA0-AD41-6985C63B64BA}"
EndProject
Global
	GlobalSection(SolutionConfigurationPlatforms) = preSolution
		Debug|Any CPU = Debug|Any CPU
		Release|Any CPU = Release|Any CPU
	EndGlobalSection
	GlobalSection(ProjectConfigurationPlatforms) = postSolution
		{598998C6-2C1E-4BA0-AD41-6985C63B64BA}.Debug|Any CPU.ActiveCfg = Debug|Any CPU
		{598998C6-2C1E-4BA0-AD41-6985C63B64BA}.Debug|Any CPU.Build.0 = Debug|Any CPU
		{598998C6-2C1E-4BA0-AD41-6985C63B64BA}.Release|Any CPU.ActiveCfg = Release|Any CPU
		{598998C6-2C1E-4BA0-AD41-6985C63B64BA}.Release|Any CPU.Build.0 = Release|Any CPU
	EndGlobalSection
	GlobalSection(SolutionProperties) = preSolution
		HideSolutionNode = FALSE
	EndGlobalSection
	GlobalSection(ExtensibilityGlobals) = postSolution
		SolutionGuid = {CDE7F220-12D5-4CEB-9116-336BD1AF66CA}
	EndGlobalSection
EndGlobal
